
Microsoft Visual Studio Solution File, Format Version 12.00
# Visual Studio Version 16
VisualStudioVersion = 16.0.32126.315
MinimumVisualStudioVersion = 10.0.40219.1
Project("{F184B08F-C81C-45F6-A57F-5ABD9991F28F}") = "calc", "calc\calc.vbproj", "{6E35FE4D-3C77-435F-A8B5-42A25E9BC58E}"
EndProject
Global
	GlobalSection(SolutionConfigurationPlatforms) = preSolution
		Debug|Any CPU = Debug|Any CPU
		Release|Any CPU = Release|Any CPU
	EndGlobalSection
	GlobalSection(ProjectConfigurationPlatforms) = postSolution
		{6E35FE4D-3C77-435F-A8B5-42A25E9BC58E}.Debug|Any CPU.ActiveCfg = Debug|Any CPU
		{6E35FE4D-3C77-435F-A8B5-42A25E9BC58E}.Debug|Any CPU.Build.0 = Debug|Any CPU
		{6E35FE4D-3C77-435F-A8B5-42A25E9BC58E}.Release|Any CPU.ActiveCfg = Release|Any CPU
		{6E35FE4D-3C77-435F-A8B5-42A25E9BC58E}.Release|Any CPU.Build.0 = Release|Any CPU
	EndGlobalSection
	GlobalSection(SolutionProperties) = preSolution
		HideSolutionNode = FALSE
	EndGlobalSection
	GlobalSection(ExtensibilityGlobals) = postSolution
		SolutionGuid = {563D0BFD-60E0-4646-A02E-6931289161E3}
	EndGlobalSection
EndGlobal
